
Microsoft Visual Studio Solution File, Format Version 12.00
# Visual Studio Version 17
VisualStudioVersion = 17.8.34525.116
MinimumVisualStudioVersion = 10.0.40219.1
Project("{FAE04EC0-301F-11D3-BF4B-00C04F79EFBC}") = "VTV", "VTV\VTV.csproj", "{FF62B869-8F75-41D8-9B60-DAB3A2F47ACE}"
EndProject
Global
	GlobalSection(SolutionConfigurationPlatforms) = preSolution
		Debug|Any CPU = Debug|Any CPU
		Release|Any CPU = Release|Any CPU
	EndGlobalSection
	GlobalSection(ProjectConfigurationPlatforms) = postSolution
		{FF62B869-8F75-41D8-9B60-DAB3A2F47ACE}.Debug|Any CPU.ActiveCfg = Debug|Any CPU
		{FF62B869-8F75-41D8-9B60-DAB3A2F47ACE}.Debug|Any CPU.Build.0 = Debug|Any CPU
		{FF62B869-8F75-41D8-9B60-DAB3A2F47ACE}.Release|Any CPU.ActiveCfg = Release|Any CPU
		{FF62B869-8F75-41D8-9B60-DAB3A2F47ACE}.Release|Any CPU.Build.0 = Release|Any CPU
	EndGlobalSection
	GlobalSection(SolutionProperties) = preSolution
		HideSolutionNode = FALSE
	EndGlobalSection
	GlobalSection(ExtensibilityGlobals) = postSolution
		SolutionGuid = {6BBBE755-6BFF-4413-81BA-DDBFEB7C8718}
	EndGlobalSection
EndGlobal
